{
  "version": 4,
  "terraform_version": "1.6.4",
  "serial": 10,
  "lineage": "99074328-5601-526f-7db3-f27725256cb7",
  "outputs": {},
  "resources": [
    {
      "module": "module.Jenkins_RG",
      "mode": "managed",
      "type": "azurerm_resource_group",
      "name": "Jenkins_RG",
      "provider": "provider[\"registry.terraform.io/hashicorp/azurerm\"]",
      "instances": [
        {
          "schema_version": 0,
          "attributes": {
            "id": "/subscriptions/f094a6a8-75ea-4c18-af05-ea242e9f5b26/resourceGroups/Jenkins_RG",
            "location": "eastus",
            "managed_by": "",
            "name": "Jenkins_RG",
            "tags": {
              "environment": "DEV Environment"
            },
            "timeouts": {
              "create": null,
              "delete": null,
              "read": null,
              "update": null
            }
          },
          "sensitive_attributes": [],
          "private": "eyJlMmJmYjczMC1lY2FhLTExZTYtOGY4OC0zNDM2M2JjN2M0YzAiOnsiY3JlYXRlIjo1NDAwMDAwMDAwMDAwLCJkZWxldGUiOjU0MDAwMDAwMDAwMDAsInJlYWQiOjMwMDAwMDAwMDAwMCwidXBkYXRlIjo1NDAwMDAwMDAwMDAwfX0="
        }
      ]
    },
    {
      "module": "module.Jenkins_Subnet",
      "mode": "managed",
      "type": "azurerm_subnet",
      "name": "Jenkins_Subnet",
      "provider": "provider[\"registry.terraform.io/hashicorp/azurerm\"]",
      "instances": [
        {
          "schema_version": 0,
          "attributes": {
            "address_prefixes": [
              "10.70.0.0/24"
            ],
            "delegation": [],
            "enforce_private_link_endpoint_network_policies": false,
            "enforce_private_link_service_network_policies": false,
            "id": "/subscriptions/f094a6a8-75ea-4c18-af05-ea242e9f5b26/resourceGroups/Jenkins_RG/providers/Microsoft.Network/virtualNetworks/Jenkins_VNET/subnets/Jenkins_Subnet",
            "name": "Jenkins_Subnet",
            "private_endpoint_network_policies_enabled": true,
            "private_link_service_network_policies_enabled": true,
            "resource_group_name": "Jenkins_RG",
            "service_endpoint_policy_ids": null,
            "service_endpoints": null,
            "timeouts": null,
            "virtual_network_name": "Jenkins_VNET"
          },
          "sensitive_attributes": [],
          "private": "eyJlMmJmYjczMC1lY2FhLTExZTYtOGY4OC0zNDM2M2JjN2M0YzAiOnsiY3JlYXRlIjoxODAwMDAwMDAwMDAwLCJkZWxldGUiOjE4MDAwMDAwMDAwMDAsInJlYWQiOjMwMDAwMDAwMDAwMCwidXBkYXRlIjoxODAwMDAwMDAwMDAwfX0=",
          "dependencies": [
            "module.Jenkins_RG.azurerm_resource_group.Jenkins_RG",
            "module.Jenkins_VNET.azurerm_virtual_network.Jenkins_VNET"
          ]
        }
      ]
    },
    {
      "module": "module.Jenkins_VM",
      "mode": "managed",
      "type": "azurerm_virtual_machine",
      "name": "Jenkins_VM",
      "provider": "provider[\"registry.terraform.io/hashicorp/azurerm\"]",
      "instances": [
        {
          "schema_version": 0,
          "attributes": {
            "additional_capabilities": [],
            "availability_set_id": null,
            "boot_diagnostics": [],
            "delete_data_disks_on_termination": false,
            "delete_os_disk_on_termination": false,
            "id": "/subscriptions/f094a6a8-75ea-4c18-af05-ea242e9f5b26/resourceGroups/Jenkins_RG/providers/Microsoft.Compute/virtualMachines/Jenkins_VM_name",
            "identity": [],
            "license_type": null,
            "location": "eastus",
            "name": "Jenkins_VM_name",
            "network_interface_ids": [
              "/subscriptions/f094a6a8-75ea-4c18-af05-ea242e9f5b26/resourceGroups/Jenkins_RG/providers/Microsoft.Network/networkInterfaces/Jenkins_nic_name"
            ],
            "os_profile": [],
            "os_profile_linux_config": [
              {
                "disable_password_authentication": false,
                "ssh_keys": []
              }
            ],
            "os_profile_secrets": [],
            "os_profile_windows_config": [],
            "plan": [],
            "primary_network_interface_id": null,
            "proximity_placement_group_id": null,
            "resource_group_name": "Jenkins_RG",
            "storage_data_disk": [],
            "storage_image_reference": [],
            "storage_os_disk": [
              {
                "caching": "ReadWrite",
                "create_option": "Attach",
                "disk_size_gb": 128,
                "image_uri": "",
                "managed_disk_id": "/subscriptions/f094a6a8-75ea-4c18-af05-ea242e9f5b26/resourceGroups/Jenkins_RG/providers/Microsoft.Compute/disks/Jenkins_myosdisk_name",
                "managed_disk_type": "Standard_LRS",
                "name": "Jenkins_myosdisk_name",
                "os_type": "Linux",
                "vhd_uri": "",
                "write_accelerator_enabled": false
              }
            ],
            "tags": null,
            "timeouts": null,
            "vm_size": "Standard_DS1_v2",
            "zones": null
          },
          "sensitive_attributes": [],
          "private": "eyJlMmJmYjczMC1lY2FhLTExZTYtOGY4OC0zNDM2M2JjN2M0YzAiOnsiY3JlYXRlIjozNjAwMDAwMDAwMDAwLCJkZWxldGUiOjM2MDAwMDAwMDAwMDAsInJlYWQiOjMwMDAwMDAwMDAwMCwidXBkYXRlIjozNjAwMDAwMDAwMDAwfX0=",
          "dependencies": [
            "module.Jenkins_RG.azurerm_resource_group.Jenkins_RG",
            "module.Jenkins_Subnet.azurerm_subnet.Jenkins_Subnet",
            "module.Jenkins_VNET.azurerm_virtual_network.Jenkins_VNET",
            "module.Jenkins_myosdisk.azurerm_managed_disk.Jenkins_myosdisk",
            "module.Jenkins_nic.azurerm_network_interface.Jankins_nic",
            "module.Jenkins_source_disk.azurerm_managed_disk.Jenkins_source_disk"
          ]
        }
      ]
    },
    {
      "module": "module.Jenkins_VNET",
      "mode": "managed",
      "type": "azurerm_virtual_network",
      "name": "Jenkins_VNET",
      "provider": "provider[\"registry.terraform.io/hashicorp/azurerm\"]",
      "instances": [
        {
          "schema_version": 0,
          "attributes": {
            "address_space": [
              "10.70.0.0/22"
            ],
            "bgp_community": "",
            "ddos_protection_plan": [],
            "dns_servers": [],
            "edge_zone": "",
            "encryption": [],
            "flow_timeout_in_minutes": 0,
            "guid": "fcff9da7-2bc1-4b53-b21c-e8db36300a65",
            "id": "/subscriptions/f094a6a8-75ea-4c18-af05-ea242e9f5b26/resourceGroups/Jenkins_RG/providers/Microsoft.Network/virtualNetworks/Jenkins_VNET",
            "location": "eastus",
            "name": "Jenkins_VNET",
            "resource_group_name": "Jenkins_RG",
            "subnet": [],
            "tags": null,
            "timeouts": null
          },
          "sensitive_attributes": [],
          "private": "eyJlMmJmYjczMC1lY2FhLTExZTYtOGY4OC0zNDM2M2JjN2M0YzAiOnsiY3JlYXRlIjoxODAwMDAwMDAwMDAwLCJkZWxldGUiOjE4MDAwMDAwMDAwMDAsInJlYWQiOjMwMDAwMDAwMDAwMCwidXBkYXRlIjoxODAwMDAwMDAwMDAwfX0=",
          "dependencies": [
            "module.Jenkins_RG.azurerm_resource_group.Jenkins_RG"
          ]
        }
      ]
    },
    {
      "module": "module.Jenkins_myosdisk",
      "mode": "managed",
      "type": "azurerm_managed_disk",
      "name": "Jenkins_myosdisk",
      "provider": "provider[\"registry.terraform.io/hashicorp/azurerm\"]",
      "instances": [
        {
          "schema_version": 1,
          "attributes": {
            "create_option": "Copy",
            "disk_access_id": "",
            "disk_encryption_set_id": "",
            "disk_iops_read_only": 0,
            "disk_iops_read_write": 500,
            "disk_mbps_read_only": 0,
            "disk_mbps_read_write": 60,
            "disk_size_gb": 128,
            "edge_zone": "",
            "encryption_settings": [],
            "gallery_image_reference_id": "",
            "hyper_v_generation": "",
            "id": "/subscriptions/f094a6a8-75ea-4c18-af05-ea242e9f5b26/resourceGroups/Jenkins_RG/providers/Microsoft.Compute/disks/Jenkins_myosdisk_name",
            "image_reference_id": "",
            "location": "eastus",
            "logical_sector_size": null,
            "max_shares": 0,
            "name": "Jenkins_myosdisk_name",
            "network_access_policy": null,
            "on_demand_bursting_enabled": false,
            "optimized_frequent_attach_enabled": false,
            "os_type": "",
            "performance_plus_enabled": false,
            "public_network_access_enabled": true,
            "resource_group_name": "Jenkins_RG",
            "secure_vm_disk_encryption_set_id": "",
            "security_type": "",
            "source_resource_id": "/subscriptions/f094a6a8-75ea-4c18-af05-ea242e9f5b26/resourceGroups/Jenkins_RG/providers/Microsoft.Compute/disks/Jenkins_source_disk_name",
            "source_uri": "",
            "storage_account_id": "",
            "storage_account_type": "Standard_LRS",
            "tags": null,
            "tier": "",
            "timeouts": null,
            "trusted_launch_enabled": false,
            "upload_size_bytes": 0,
            "zone": ""
          },
          "sensitive_attributes": [],
          "private": "eyJlMmJmYjczMC1lY2FhLTExZTYtOGY4OC0zNDM2M2JjN2M0YzAiOnsiY3JlYXRlIjoxODAwMDAwMDAwMDAwLCJkZWxldGUiOjE4MDAwMDAwMDAwMDAsInJlYWQiOjMwMDAwMDAwMDAwMCwidXBkYXRlIjoxODAwMDAwMDAwMDAwfSwic2NoZW1hX3ZlcnNpb24iOiIxIn0=",
          "dependencies": [
            "module.Jenkins_RG.azurerm_resource_group.Jenkins_RG",
            "module.Jenkins_source_disk.azurerm_managed_disk.Jenkins_source_disk"
          ]
        }
      ]
    },
    {
      "module": "module.Jenkins_nic",
      "mode": "managed",
      "type": "azurerm_network_interface",
      "name": "Jankins_nic",
      "provider": "provider[\"registry.terraform.io/hashicorp/azurerm\"]",
      "instances": [
        {
          "schema_version": 0,
          "attributes": {
            "applied_dns_servers": [],
            "auxiliary_mode": "",
            "auxiliary_sku": "",
            "dns_servers": [],
            "edge_zone": "",
            "enable_accelerated_networking": false,
            "enable_ip_forwarding": true,
            "id": "/subscriptions/f094a6a8-75ea-4c18-af05-ea242e9f5b26/resourceGroups/Jenkins_RG/providers/Microsoft.Network/networkInterfaces/Jenkins_nic_name",
            "internal_dns_name_label": "",
            "internal_domain_name_suffix": "u4o555gbfnjuxmq23dntmmakmf.bx.internal.cloudapp.net",
            "ip_configuration": [
              {
                "gateway_load_balancer_frontend_ip_configuration_id": "",
                "name": "Jenkins_ip_conf_name",
                "primary": true,
                "private_ip_address": "10.70.0.4",
                "private_ip_address_allocation": "Dynamic",
                "private_ip_address_version": "IPv4",
                "public_ip_address_id": "",
                "subnet_id": "/subscriptions/f094a6a8-75ea-4c18-af05-ea242e9f5b26/resourceGroups/Jenkins_RG/providers/Microsoft.Network/virtualNetworks/Jenkins_VNET/subnets/Jenkins_Subnet"
              }
            ],
            "location": "eastus",
            "mac_address": "",
            "name": "Jenkins_nic_name",
            "private_ip_address": "10.70.0.4",
            "private_ip_addresses": [
              "10.70.0.4"
            ],
            "resource_group_name": "Jenkins_RG",
            "tags": null,
            "timeouts": null,
            "virtual_machine_id": ""
          },
          "sensitive_attributes": [],
          "private": "eyJlMmJmYjczMC1lY2FhLTExZTYtOGY4OC0zNDM2M2JjN2M0YzAiOnsiY3JlYXRlIjoxODAwMDAwMDAwMDAwLCJkZWxldGUiOjE4MDAwMDAwMDAwMDAsInJlYWQiOjMwMDAwMDAwMDAwMCwidXBkYXRlIjoxODAwMDAwMDAwMDAwfX0=",
          "dependencies": [
            "module.Jenkins_RG.azurerm_resource_group.Jenkins_RG",
            "module.Jenkins_Subnet.azurerm_subnet.Jenkins_Subnet",
            "module.Jenkins_VNET.azurerm_virtual_network.Jenkins_VNET"
          ]
        }
      ]
    },
    {
      "module": "module.Jenkins_pip",
      "mode": "managed",
      "type": "azurerm_public_ip",
      "name": "Jenkins_pip",
      "provider": "provider[\"registry.terraform.io/hashicorp/azurerm\"]",
      "instances": [
        {
          "schema_version": 0,
          "attributes": {
            "allocation_method": "Static",
            "ddos_protection_mode": "VirtualNetworkInherited",
            "ddos_protection_plan_id": null,
            "domain_name_label": null,
            "edge_zone": "",
            "fqdn": null,
            "id": "/subscriptions/f094a6a8-75ea-4c18-af05-ea242e9f5b26/resourceGroups/Jenkins_RG/providers/Microsoft.Network/publicIPAddresses/Jenkins_pip_name",
            "idle_timeout_in_minutes": 4,
            "ip_address": "20.124.8.48",
            "ip_tags": null,
            "ip_version": "IPv4",
            "location": "eastus",
            "name": "Jenkins_pip_name",
            "public_ip_prefix_id": null,
            "resource_group_name": "Jenkins_RG",
            "reverse_fqdn": null,
            "sku": "Basic",
            "sku_tier": "Regional",
            "tags": null,
            "timeouts": null,
            "zones": null
          },
          "sensitive_attributes": [],
          "private": "eyJlMmJmYjczMC1lY2FhLTExZTYtOGY4OC0zNDM2M2JjN2M0YzAiOnsiY3JlYXRlIjoxODAwMDAwMDAwMDAwLCJkZWxldGUiOjE4MDAwMDAwMDAwMDAsInJlYWQiOjMwMDAwMDAwMDAwMCwidXBkYXRlIjoxODAwMDAwMDAwMDAwfX0=",
          "dependencies": [
            "module.Jenkins_RG.azurerm_resource_group.Jenkins_RG"
          ]
        }
      ]
    },
    {
      "module": "module.Jenkins_source_disk",
      "mode": "managed",
      "type": "azurerm_managed_disk",
      "name": "Jenkins_source_disk",
      "provider": "provider[\"registry.terraform.io/hashicorp/azurerm\"]",
      "instances": [
        {
          "schema_version": 1,
          "attributes": {
            "create_option": "Empty",
            "disk_access_id": "",
            "disk_encryption_set_id": "",
            "disk_iops_read_only": 0,
            "disk_iops_read_write": 500,
            "disk_mbps_read_only": 0,
            "disk_mbps_read_write": 60,
            "disk_size_gb": 128,
            "edge_zone": "",
            "encryption_settings": [],
            "gallery_image_reference_id": "",
            "hyper_v_generation": "",
            "id": "/subscriptions/f094a6a8-75ea-4c18-af05-ea242e9f5b26/resourceGroups/Jenkins_RG/providers/Microsoft.Compute/disks/Jenkins_source_disk_name",
            "image_reference_id": "",
            "location": "eastus",
            "logical_sector_size": null,
            "max_shares": 0,
            "name": "Jenkins_source_disk_name",
            "network_access_policy": null,
            "on_demand_bursting_enabled": false,
            "optimized_frequent_attach_enabled": false,
            "os_type": "",
            "performance_plus_enabled": false,
            "public_network_access_enabled": true,
            "resource_group_name": "Jenkins_RG",
            "secure_vm_disk_encryption_set_id": "",
            "security_type": "",
            "source_resource_id": "",
            "source_uri": "",
            "storage_account_id": "",
            "storage_account_type": "Standard_LRS",
            "tags": null,
            "tier": "",
            "timeouts": null,
            "trusted_launch_enabled": false,
            "upload_size_bytes": 0,
            "zone": ""
          },
          "sensitive_attributes": [],
          "private": "eyJlMmJmYjczMC1lY2FhLTExZTYtOGY4OC0zNDM2M2JjN2M0YzAiOnsiY3JlYXRlIjoxODAwMDAwMDAwMDAwLCJkZWxldGUiOjE4MDAwMDAwMDAwMDAsInJlYWQiOjMwMDAwMDAwMDAwMCwidXBkYXRlIjoxODAwMDAwMDAwMDAwfSwic2NoZW1hX3ZlcnNpb24iOiIxIn0=",
          "dependencies": [
            "module.Jenkins_RG.azurerm_resource_group.Jenkins_RG"
          ]
        }
      ]
    }
  ],
  "check_results": null
}
